// !$*UTF8*$!
{
	archiveVersion = 1;
	classes = {
	};
	objectVersion = 50;
	objects = {

/* Begin PBXBuildFile section */
		22A3A79324899D0C00887161 /* AddMemoViewController.swift in Sources */ = {isa = PBXBuildFile; fileRef = 22A3A79224899D0C00887161 /* AddMemoViewController.swift */; };
		22A3A79B248DA34900887161 /* TableViewController2.swift in Sources */ = {isa = PBXBuildFile; fileRef = 22A3A79A248DA34900887161 /* TableViewController2.swift */; };
		22A3A79D248DACDD00887161 /* DetailViewController2.swift in Sources */ = {isa = PBXBuildFile; fileRef = 22A3A79C248DACDD00887161 /* DetailViewController2.swift */; };
		22BE735B2481B3AD001FA426 /* AppDelegate.swift in Sources */ = {isa = PBXBuildFile; fileRef = 22BE735A2481B3AD001FA426 /* AppDelegate.swift */; };
		22BE735D2481B3AD001FA426 /* SceneDelegate.swift in Sources */ = {isa = PBXBuildFile; fileRef = 22BE735C2481B3AD001FA426 /* SceneDelegate.swift */; };
		22BE73622481B3AD001FA426 /* Main.storyboard in Resources */ = {isa = PBXBuildFile; fileRef = 22BE73602481B3AD001FA426 /* Main.storyboard */; };
		22BE73642481B3B0001FA426 /* Assets.xcassets in Resources */ = {isa = PBXBuildFile; fileRef = 22BE73632481B3B0001FA426 /* Assets.xcassets */; };
		22BE73672481B3B0001FA426 /* LaunchScreen.storyboard in Resources */ = {isa = PBXBuildFile; fileRef = 22BE73652481B3B0001FA426 /* LaunchScreen.storyboard */; };
		22BE7373248590CA001FA426 /* TableViewController.swift in Sources */ = {isa = PBXBuildFile; fileRef = 22BE7372248590CA001FA426 /* TableViewController.swift */; };
		22BE737724859B4C001FA426 /* DetailViewController.swift in Sources */ = {isa = PBXBuildFile; fileRef = 22BE737624859B4C001FA426 /* DetailViewController.swift */; };
/* End PBXBuildFile section */

/* Begin PBXFileReference section */
		22A3A79224899D0C00887161 /* AddMemoViewController.swift */ = {isa = PBXFileReference; lastKnownFileType = sourcecode.swift; path = AddMemoViewController.swift; sourceTree = "<group>"; };
		22A3A79A248DA34900887161 /* TableViewController2.swift */ = {isa = PBXFileReference; lastKnownFileType = sourcecode.swift; path = TableViewController2.swift; sourceTree = "<group>"; };
		22A3A79C248DACDD00887161 /* DetailViewController2.swift */ = {isa = PBXFileReference; lastKnownFileType = sourcecode.swift; path = DetailViewController2.swift; sourceTree = "<group>"; };
		22BE73572481B3AD001FA426 /* Record.app */ = {isa = PBXFileReference; explicitFileType = wrapper.application; includeInIndex = 0; path = Record.app; sourceTree = BUILT_PRODUCTS_DIR; };
		22BE735A2481B3AD001FA426 /* AppDelegate.swift */ = {isa = PBXFileReference; lastKnownFileType = sourcecode.swift; path = AppDelegate.swift; sourceTree = "<group>"; };
		22BE735C2481B3AD001FA426 /* SceneDelegate.swift */ = {isa = PBXFileReference; lastKnownFileType = sourcecode.swift; path = SceneDelegate.swift; sourceTree = "<group>"; };
		22BE73612481B3AD001FA426 /* Base */ = {isa = PBXFileReference; lastKnownFileType = file.storyboard; name = Base; path = Base.lproj/Main.storyboard; sourceTree = "<group>"; };
		22BE73632481B3B0001FA426 /* Assets.xcassets */ = {isa = PBXFileReference; lastKnownFileType = folder.assetcatalog; path = Assets.xcassets; sourceTree = "<group>"; };
		22BE73662481B3B0001FA426 /* Base */ = {isa = PBXFileReference; lastKnownFileType = file.storyboard; name = Base; path = Base.lproj/LaunchScreen.storyboard; sourceTree = "<group>"; };
		22BE73682481B3B0001FA426 /* Info.plist */ = {isa = PBXFileReference; lastKnownFileType = text.plist.xml; path = Info.plist; sourceTree = "<group>"; };
		22BE7372248590CA001FA426 /* TableViewController.swift */ = {isa = PBXFileReference; lastKnownFileType = sourcecode.swift; path = TableViewController.swift; sourceTree = SOURCE_ROOT; };
		22BE737624859B4C001FA426 /* DetailViewController.swift */ = {isa = PBXFileReference; lastKnownFileType = sourcecode.swift; path = DetailViewController.swift; sourceTree = SOURCE_ROOT; };
/* End PBXFileReference section */

/* Begin PBXFrameworksBuildPhase section */
		22BE73542481B3AD001FA426 /* Frameworks */ = {
			isa = PBXFrameworksBuildPhase;
			buildActionMask = 2147483647;
			files = (
			);
			runOnlyForDeploymentPostprocessing = 0;
		};
/* End PBXFrameworksBuildPhase section */

/* Begin PBXGroup section */
		22BE734E2481B3AD001FA426 = {
			isa = PBXGroup;
			children = (
				22BE73592481B3AD001FA426 /* Record */,
				22BE73582481B3AD001FA426 /* Products */,
			);
			sourceTree = "<group>";
		};
		22BE73582481B3AD001FA426 /* Products */ = {
			isa = PBXGroup;
			children = (
				22BE73572481B3AD001FA426 /* Record.app */,
			);
			name = Products;
			sourceTree = "<group>";
		};
		22BE73592481B3AD001FA426 /* Record */ = {
			isa = PBXGroup;
			children = (
				22BE737624859B4C001FA426 /* DetailViewController.swift */,
				22BE7372248590CA001FA426 /* TableViewController.swift */,
				22A3A79C248DACDD00887161 /* DetailViewController2.swift */,
				22BE735A2481B3AD001FA426 /* AppDelegate.swift */,
				22BE735C2481B3AD001FA426 /* SceneDelegate.swift */,
				22BE73602481B3AD001FA426 /* Main.storyboard */,
				22A3A79A248DA34900887161 /* TableViewController2.swift */,
				22A3A79224899D0C00887161 /* AddMemoViewController.swift */,
				22BE73632481B3B0001FA426 /* Assets.xcassets */,
				22BE73652481B3B0001FA426 /* LaunchScreen.storyboard */,
				22BE73682481B3B0001FA426 /* Info.plist */,
			);
			path = Record;
			sourceTree = "<group>";
		};
/* End PBXGroup section */

/* Begin PBXNativeTarget section */
		22BE73562481B3AD001FA426 /* Record */ = {
			isa = PBXNativeTarget;
			buildConfigurationList = 22BE736B2481B3B0001FA426 /* Build configuration list for PBXNativeTarget "Record" */;
			buildPhases = (
				22BE73532481B3AD001FA426 /* Sources */,
				22BE73542481B3AD001FA426 /* Frameworks */,
				22BE73552481B3AD001FA426 /* Resources */,
			);
			buildRules = (
			);
			dependencies = (
			);
			name = Record;
			productName = Record;
			productReference = 22BE73572481B3AD001FA426 /* Record.app */;
			productType = "com.apple.product-type.application";
		};
/* End PBXNativeTarget section */

/* Begin PBXProject section */
		22BE734F2481B3AD001FA426 /* Project object */ = {
			isa = PBXProject;
			attributes = {
				LastSwiftUpdateCheck = 1150;
				LastUpgradeCheck = 1150;
				ORGANIZATIONNAME = "藤田優作";
				TargetAttributes = {
					22BE73562481B3AD001FA426 = {
						CreatedOnToolsVersion = 11.5;
					};
				};
			};
			buildConfigurationList = 22BE73522481B3AD001FA426 /* Build configuration list for PBXProject "Record" */;
			compatibilityVersion = "Xcode 9.3";
			developmentRegion = en;
			hasScannedForEncodings = 0;
			knownRegions = (
				en,
				Base,
			);
			mainGroup = 22BE734E2481B3AD001FA426;
			productRefGroup = 22BE73582481B3AD001FA426 /* Products */;
			projectDirPath = "";
			projectRoot = "";
			targets = (
				22BE73562481B3AD001FA426 /* Record */,
			);
		};
/* End PBXProject section */

/* Begin PBXResourcesBuildPhase section */
		22BE73552481B3AD001FA426 /* Resources */ = {
			isa = PBXResourcesBuildPhase;
			buildActionMask = 2147483647;
			files = (
				22BE73672481B3B0001FA426 /* LaunchScreen.storyboard in Resources */,
				22BE73642481B3B0001FA426 /* Assets.xcassets in Resources */,
				22BE73622481B3AD001FA426 /* Main.storyboard in Resources */,
			);
			runOnlyForDeploymentPostprocessing = 0;
		};
/* End PBXResourcesBuildPhase section */

/* Begin PBXSourcesBuildPhase section */
		22BE73532481B3AD001FA426 /* Sources */ = {
			isa = PBXSourcesBuildPhase;
			buildActionMask = 2147483647;
			files = (
				22BE735B2481B3AD001FA426 /* AppDelegate.swift in Sources */,
				22A3A79324899D0C00887161 /* AddMemoViewController.swift in Sources */,
				22A3A79B248DA34900887161 /* TableViewController2.swift in Sources */,
				22BE7373248590CA001FA426 /* TableViewController.swift in Sources */,
				22A3A79D248DACDD00887161 /* DetailViewController2.swift in Sources */,
				22BE735D2481B3AD001FA426 /* SceneDelegate.swift in Sources */,
				22BE737724859B4C001FA426 /* DetailViewController.swift in Sources */,
			);
			runOnlyForDeploymentPostprocessing = 0;
		};
/* End PBXSourcesBuildPhase section */

/* Begin PBXVariantGroup section */
		22BE73602481B3AD001FA426 /* Main.storyboard */ = {
			isa = PBXVariantGroup;
			children = (
				22BE73612481B3AD001FA426 /* Base */,
			);
			name = Main.storyboard;
			sourceTree = "<group>";
		};
		22BE73652481B3B0001FA426 /* LaunchScreen.storyboard */ = {
			isa = PBXVariantGroup;
			children = (
				22BE73662481B3B0001FA426 /* Base */,
			);
			name = LaunchScreen.storyboard;
			sourceTree = "<group>";
		};
/* End PBXVariantGroup section */

/* Begin XCBuildConfiguration section */
		22BE73692481B3B0001FA426 /* Debug */ = {
			isa = XCBuildConfiguration;
			buildSettings = {
				ALWAYS_SEARCH_USER_PATHS = NO;
				CLANG_ANALYZER_NONNULL = YES;
				CLANG_ANALYZER_NUMBER_OBJECT_CONVERSION = YES_AGGRESSIVE;
				CLANG_CXX_LANGUAGE_STANDARD = "gnu++14";
				CLANG_CXX_LIBRARY = "libc++";
				CLANG_ENABLE_MODULES = YES;
				CLANG_ENABLE_OBJC_ARC = YES;
				CLANG_ENABLE_OBJC_WEAK = YES;
				CLANG_WARN_BLOCK_CAPTURE_AUTORELEASING = YES;
				CLANG_WARN_BOOL_CONVERSION = YES;
				CLANG_WARN_COMMA = YES;
				CLANG_WARN_CONSTANT_CONVERSION = YES;
				CLANG_WARN_DEPRECATED_OBJC_IMPLEMENTATIONS = YES;
				CLANG_WARN_DIRECT_OBJC_ISA_USAGE = YES_ERROR;
				CLANG_WARN_DOCUMENTATION_COMMENTS = YES;
				CLANG_WARN_EMPTY_BODY = YES;
				CLANG_WARN_ENUM_CONVERSION = YES;
				CLANG_WARN_INFINITE_RECURSION = YES;
				CLANG_WARN_INT_CONVERSION = YES;
				CLANG_WARN_NON_LITERAL_NULL_CONVERSION = YES;
				CLANG_WARN_OBJC_IMPLICIT_RETAIN_SELF = YES;
				CLANG_WARN_OBJC_LITERAL_CONVERSION = YES;
				CLANG_WARN_OBJC_ROOT_CLASS = YES_ERROR;
				CLANG_WARN_RANGE_LOOP_ANALYSIS = YES;
				CLANG_WARN_STRICT_PROTOTYPES = YES;
				CLANG_WARN_SUSPICIOUS_MOVE = YES;
				CLANG_WARN_UNGUARDED_AVAILABILITY = YES_AGGRESSIVE;
				CLANG_WARN_UNREACHABLE_CODE = YES;
				CLANG_WARN__DUPLICATE_METHOD_MATCH = YES;
				COPY_PHASE_STRIP = NO;
				DEBUG_INFORMATION_FORMAT = dwarf;
				ENABLE_STRICT_OBJC_MSGSEND = YES;
				ENABLE_TESTABILITY = YES;
				GCC_C_LANGUAGE_STANDARD = gnu11;
				GCC_DYNAMIC_NO_PIC = NO;
				GCC_NO_COMMON_BLOCKS = YES;
				GCC_OPTIMIZATION_LEVEL = 0;
				GCC_PREPROCESSOR_DEFINITIONS = (
					"DEBUG=1",
					"$(inherited)",
				);
				GCC_WARN_64_TO_32_BIT_CONVERSION = YES;
				GCC_WARN_ABOUT_RETURN_TYPE = YES_ERROR;
				GCC_WARN_UNDECLARED_SELECTOR = YES;
				GCC_WARN_UNINITIALIZED_AUTOS = YES_AGGRESSIVE;
				GCC_WARN_UNUSED_FUNCTION = YES;
				GCC_WARN_UNUSED_VARIABLE = YES;
				IPHONEOS_DEPLOYMENT_TARGET = 13.5;
				MTL_ENABLE_DEBUG_INFO = INCLUDE_SOURCE;
				MTL_FAST_MATH = YES;
				ONLY_ACTIVE_ARCH = YES;
				SDKROOT = iphoneos;
				SWIFT_ACTIVE_COMPILATION_CONDITIONS = DEBUG;
				SWIFT_OPTIMIZATION_LEVEL = "-Onone";
			};
			name = Debug;
		};
		22BE736A2481B3B0001FA426 /* Release */ = {
			isa = XCBuildConfiguration;
			buildSettings = {
				ALWAYS_SEARCH_USER_PATHS = NO;
				CLANG_ANALYZER_NONNULL = YES;
				CLANG_ANALYZER_NUMBER_OBJECT_CONVERSION = YES_AGGRESSIVE;
				CLANG_CXX_LANGUAGE_STANDARD = "gnu++14";
				CLANG_CXX_LIBRARY = "libc++";
				CLANG_ENABLE_MODULES = YES;
				CLANG_ENABLE_OBJC_ARC = YES;
				CLANG_ENABLE_OBJC_WEAK = YES;
				CLANG_WARN_BLOCK_CAPTURE_AUTORELEASING = YES;
				CLANG_WARN_BOOL_CONVERSION = YES;
				CLANG_WARN_COMMA = YES;
				CLANG_WARN_CONSTANT_CONVERSION = YES;
				CLANG_WARN_DEPRECATED_OBJC_IMPLEMENTATIONS = YES;
				CLANG_WARN_DIRECT_OBJC_ISA_USAGE = YES_ERROR;
				CLANG_WARN_DOCUMENTATION_COMMENTS = YES;
				CLANG_WARN_EMPTY_BODY = YES;
				CLANG_WARN_ENUM_CONVERSION = YES;
				CLANG_WARN_INFINITE_RECURSION = YES;
				CLANG_WARN_INT_CONVERSION = YES;
				CLANG_WARN_NON_LITERAL_NULL_CONVERSION = YES;
				CLANG_WARN_OBJC_IMPLICIT_RETAIN_SELF = YES;
				CLANG_WARN_OBJC_LITERAL_CONVERSION = YES;
				CLANG_WARN_OBJC_ROOT_CLASS = YES_ERROR;
				CLANG_WARN_RANGE_LOOP_ANALYSIS = YES;
				CLANG_WARN_STRICT_PROTOTYPES = YES;
				CLANG_WARN_SUSPICIOUS_MOVE = YES;
				CLANG_WARN_UNGUARDED_AVAILABILITY = YES_AGGRESSIVE;
				CLANG_WARN_UNREACHABLE_CODE = YES;
				CLANG_WARN__DUPLICATE_METHOD_MATCH = YES;
				COPY_PHASE_STRIP = NO;
				DEBUG_INFORMATION_FORMAT = "dwarf-with-dsym";
				ENABLE_NS_ASSERTIONS = NO;
				ENABLE_STRICT_OBJC_MSGSEND = YES;
				GCC_C_LANGUAGE_STANDARD = gnu11;
				GCC_NO_COMMON_BLOCKS = YES;
				GCC_WARN_64_TO_32_BIT_CONVERSION = YES;
				GCC_WARN_ABOUT_RETURN_TYPE = YES_ERROR;
				GCC_WARN_UNDECLARED_SELECTOR = YES;
				GCC_WARN_UNINITIALIZED_AUTOS = YES_AGGRESSIVE;
				GCC_WARN_UNUSED_FUNCTION = YES;
				GCC_WARN_UNUSED_VARIABLE = YES;
				IPHONEOS_DEPLOYMENT_TARGET = 13.5;
				MTL_ENABLE_DEBUG_INFO = NO;
				MTL_FAST_MATH = YES;
				SDKROOT = iphoneos;
				SWIFT_COMPILATION_MODE = wholemodule;
				SWIFT_OPTIMIZATION_LEVEL = "-O";
				VALIDATE_PRODUCT = YES;
			};
			name = Release;
		};
		22BE736C2481B3B0001FA426 /* Debug */ = {
			isa = XCBuildConfiguration;
			buildSettings = {
				ASSETCATALOG_COMPILER_APPICON_NAME = AppIcon;
				CODE_SIGN_STYLE = Automatic;
				DEVELOPMENT_TEAM = 728MNT2Y45;
				INFOPLIST_FILE = Record/Info.plist;
				LD_RUNPATH_SEARCH_PATHS = (
					"$(inherited)",
					"@executable_path/Frameworks",
				);
				PRODUCT_BUNDLE_IDENTIFIER = com.hanjirou.Record;
				PRODUCT_NAME = "$(TARGET_NAME)";
				SWIFT_VERSION = 5.0;
				TARGETED_DEVICE_FAMILY = "1,2";
			};
			name = Debug;
		};
		22BE736D2481B3B0001FA426 /* Release */ = {
			isa = XCBuildConfiguration;
			buildSettings = {
				ASSETCATALOG_COMPILER_APPICON_NAME = AppIcon;
				CODE_SIGN_STYLE = Automatic;
				DEVELOPMENT_TEAM = 728MNT2Y45;
				INFOPLIST_FILE = Record/Info.plist;
				LD_RUNPATH_SEARCH_PATHS = (
					"$(inherited)",
					"@executable_path/Frameworks",
				);
				PRODUCT_BUNDLE_IDENTIFIER = com.hanjirou.Record;
				PRODUCT_NAME = "$(TARGET_NAME)";
				SWIFT_VERSION = 5.0;
				TARGETED_DEVICE_FAMILY = "1,2";
			};
			name = Release;
		};
/* End XCBuildConfiguration section */

/* Begin XCConfigurationList section */
		22BE73522481B3AD001FA426 /* Build configuration list for PBXProject "Record" */ = {
			isa = XCConfigurationList;
			buildConfigurations = (
				22BE73692481B3B0001FA426 /* Debug */,
				22BE736A2481B3B0001FA426 /* Release */,
			);
			defaultConfigurationIsVisible = 0;
			defaultConfigurationName = Release;
		};
		22BE736B2481B3B0001FA426 /* Build configuration list for PBXNativeTarget "Record" */ = {
			isa = XCConfigurationList;
			buildConfigurations = (
				22BE736C2481B3B0001FA426 /* Debug */,
				22BE736D2481B3B0001FA426 /* Release */,
			);
			defaultConfigurationIsVisible = 0;
			defaultConfigurationName = Release;
		};
/* End XCConfigurationList section */
	};
	rootObject = 22BE734F2481B3AD001FA426 /* Project object */;
}
